// !$*UTF8*$!
{
	archiveVersion = 1;
	classes = {
	};
	objectVersion = 56;
	objects = {

/* Begin PBXBuildFile section */
		EE2ED8D62B62A3D7001E1327 /* timesx_appApp.swift in Sources */ = {isa = PBXBuildFile; fileRef = EE2ED8D52B62A3D7001E1327 /* timesx_appApp.swift */; };
		EE2ED8D82B62A3D7001E1327 /* ContentView.swift in Sources */ = {isa = PBXBuildFile; fileRef = EE2ED8D72B62A3D7001E1327 /* ContentView.swift */; };
		EE2ED8DA2B62A3D9001E1327 /* Assets.xcassets in Resources */ = {isa = PBXBuildFile; fileRef = EE2ED8D92B62A3D9001E1327 /* Assets.xcassets */; };
		EE2ED8DD2B62A3D9001E1327 /* Preview Assets.xcassets in Resources */ = {isa = PBXBuildFile; fileRef = EE2ED8DC2B62A3D9001E1327 /* Preview Assets.xcassets */; };
		EE2ED8E72B62A3DC001E1327 /* timesx_appTests.swift in Sources */ = {isa = PBXBuildFile; fileRef = EE2ED8E62B62A3DC001E1327 /* timesx_appTests.swift */; };
		EE2ED8F12B62A3DC001E1327 /* timesx_appUITests.swift in Sources */ = {isa = PBXBuildFile; fileRef = EE2ED8F02B62A3DC001E1327 /* timesx_appUITests.swift */; };
		EE2ED8F32B62A3DC001E1327 /* timesx_appUITestsLaunchTests.swift in Sources */ = {isa = PBXBuildFile; fileRef = EE2ED8F22B62A3DC001E1327 /* timesx_appUITestsLaunchTests.swift */; };
/* End PBXBuildFile section */

/* Begin PBXContainerItemProxy section */
		EE2ED8E32B62A3DC001E1327 /* PBXContainerItemProxy */ = {
			isa = PBXContainerItemProxy;
			containerPortal = EE2ED8CA2B62A3D7001E1327 /* Project object */;
			proxyType = 1;
			remoteGlobalIDString = EE2ED8D12B62A3D7001E1327;
			remoteInfo = "timesx-app";
		};
		EE2ED8ED2B62A3DC001E1327 /* PBXContainerItemProxy */ = {
			isa = PBXContainerItemProxy;
			containerPortal = EE2ED8CA2B62A3D7001E1327 /* Project object */;
			proxyType = 1;
			remoteGlobalIDString = EE2ED8D12B62A3D7001E1327;
			remoteInfo = "timesx-app";
		};
/* End PBXContainerItemProxy section */

/* Begin PBXFileReference section */
		EE2ED8D22B62A3D7001E1327 /* timesx-app.app */ = {isa = PBXFileReference; explicitFileType = wrapper.application; includeInIndex = 0; path = "timesx-app.app"; sourceTree = BUILT_PRODUCTS_DIR; };
		EE2ED8D52B62A3D7001E1327 /* timesx_appApp.swift */ = {isa = PBXFileReference; lastKnownFileType = sourcecode.swift; path = timesx_appApp.swift; sourceTree = "<group>"; };
		EE2ED8D72B62A3D7001E1327 /* ContentView.swift */ = {isa = PBXFileReference; lastKnownFileType = sourcecode.swift; path = ContentView.swift; sourceTree = "<group>"; };
		EE2ED8D92B62A3D9001E1327 /* Assets.xcassets */ = {isa = PBXFileReference; lastKnownFileType = folder.assetcatalog; path = Assets.xcassets; sourceTree = "<group>"; };
		EE2ED8DC2B62A3D9001E1327 /* Preview Assets.xcassets */ = {isa = PBXFileReference; lastKnownFileType = folder.assetcatalog; path = "Preview Assets.xcassets"; sourceTree = "<group>"; };
		EE2ED8E22B62A3DC001E1327 /* timesx-appTests.xctest */ = {isa = PBXFileReference; explicitFileType = wrapper.cfbundle; includeInIndex = 0; path = "timesx-appTests.xctest"; sourceTree = BUILT_PRODUCTS_DIR; };
		EE2ED8E62B62A3DC001E1327 /* timesx_appTests.swift */ = {isa = PBXFileReference; lastKnownFileType = sourcecode.swift; path = timesx_appTests.swift; sourceTree = "<group>"; };
		EE2ED8EC2B62A3DC001E1327 /* timesx-appUITests.xctest */ = {isa = PBXFileReference; explicitFileType = wrapper.cfbundle; includeInIndex = 0; path = "timesx-appUITests.xctest"; sourceTree = BUILT_PRODUCTS_DIR; };
		EE2ED8F02B62A3DC001E1327 /* timesx_appUITests.swift */ = {isa = PBXFileReference; lastKnownFileType = sourcecode.swift; path = timesx_appUITests.swift; sourceTree = "<group>"; };
		EE2ED8F22B62A3DC001E1327 /* timesx_appUITestsLaunchTests.swift */ = {isa = PBXFileReference; lastKnownFileType = sourcecode.swift; path = timesx_appUITestsLaunchTests.swift; sourceTree = "<group>"; };
/* End PBXFileReference section */

/* Begin PBXFrameworksBuildPhase section */
		EE2ED8CF2B62A3D7001E1327 /* Frameworks */ = {
			isa = PBXFrameworksBuildPhase;
			buildActionMask = 2147483647;
			files = (
			);
			runOnlyForDeploymentPostprocessing = 0;
		};
		EE2ED8DF2B62A3DC001E1327 /* Frameworks */ = {
			isa = PBXFrameworksBuildPhase;
			buildActionMask = 2147483647;
			files = (
			);
			runOnlyForDeploymentPostprocessing = 0;
		};
		EE2ED8E92B62A3DC001E1327 /* Frameworks */ = {
			isa = PBXFrameworksBuildPhase;
			buildActionMask = 2147483647;
			files = (
			);
			runOnlyForDeploymentPostprocessing = 0;
		};
/* End PBXFrameworksBuildPhase section */

/* Begin PBXGroup section */
		EE2ED8C92B62A3D7001E1327 = {
			isa = PBXGroup;
			children = (
				EE2ED8D42B62A3D7001E1327 /* timesx-app */,
				EE2ED8E52B62A3DC001E1327 /* timesx-appTests */,
				EE2ED8EF2B62A3DC001E1327 /* timesx-appUITests */,
				EE2ED8D32B62A3D7001E1327 /* Products */,
			);
			sourceTree = "<group>";
		};
		EE2ED8D32B62A3D7001E1327 /* Products */ = {
			isa = PBXGroup;
			children = (
				EE2ED8D22B62A3D7001E1327 /* timesx-app.app */,
				EE2ED8E22B62A3DC001E1327 /* timesx-appTests.xctest */,
				EE2ED8EC2B62A3DC001E1327 /* timesx-appUITests.xctest */,
			);
			name = Products;
			sourceTree = "<group>";
		};
		EE2ED8D42B62A3D7001E1327 /* timesx-app */ = {
			isa = PBXGroup;
			children = (
				EE2ED8D52B62A3D7001E1327 /* timesx_appApp.swift */,
				EE2ED8D72B62A3D7001E1327 /* ContentView.swift */,
				EE2ED8D92B62A3D9001E1327 /* Assets.xcassets */,
				EE2ED8DB2B62A3D9001E1327 /* Preview Content */,
			);
			path = "timesx-app";
			sourceTree = "<group>";
		};
		EE2ED8DB2B62A3D9001E1327 /* Preview Content */ = {
			isa = PBXGroup;
			children = (
				EE2ED8DC2B62A3D9001E1327 /* Preview Assets.xcassets */,
			);
			path = "Preview Content";
			sourceTree = "<group>";
		};
		EE2ED8E52B62A3DC001E1327 /* timesx-appTests */ = {
			isa = PBXGroup;
			children = (
				EE2ED8E62B62A3DC001E1327 /* timesx_appTests.swift */,
			);
			path = "timesx-appTests";
			sourceTree = "<group>";
		};
		EE2ED8EF2B62A3DC001E1327 /* timesx-appUITests */ = {
			isa = PBXGroup;
			children = (
				EE2ED8F02B62A3DC001E1327 /* timesx_appUITests.swift */,
				EE2ED8F22B62A3DC001E1327 /* timesx_appUITestsLaunchTests.swift */,
			);
			path = "timesx-appUITests";
			sourceTree = "<group>";
		};
/* End PBXGroup section */

/* Begin PBXNativeTarget section */
		EE2ED8D12B62A3D7001E1327 /* timesx-app */ = {
			isa = PBXNativeTarget;
			buildConfigurationList = EE2ED8F62B62A3DC001E1327 /* Build configuration list for PBXNativeTarget "timesx-app" */;
			buildPhases = (
				EE2ED8CE2B62A3D7001E1327 /* Sources */,
				EE2ED8CF2B62A3D7001E1327 /* Frameworks */,
				EE2ED8D02B62A3D7001E1327 /* Resources */,
			);
			buildRules = (
			);
			dependencies = (
			);
			name = "timesx-app";
			productName = "timesx-app";
			productReference = EE2ED8D22B62A3D7001E1327 /* timesx-app.app */;
			productType = "com.apple.product-type.application";
		};
		EE2ED8E12B62A3DC001E1327 /* timesx-appTests */ = {
			isa = PBXNativeTarget;
			buildConfigurationList = EE2ED8F92B62A3DC001E1327 /* Build configuration list for PBXNativeTarget "timesx-appTests" */;
			buildPhases = (
				EE2ED8DE2B62A3DC001E1327 /* Sources */,
				EE2ED8DF2B62A3DC001E1327 /* Frameworks */,
				EE2ED8E02B62A3DC001E1327 /* Resources */,
			);
			buildRules = (
			);
			dependencies = (
				EE2ED8E42B62A3DC001E1327 /* PBXTargetDependency */,
			);
			name = "timesx-appTests";
			productName = "timesx-appTests";
			productReference = EE2ED8E22B62A3DC001E1327 /* timesx-appTests.xctest */;
			productType = "com.apple.product-type.bundle.unit-test";
		};
		EE2ED8EB2B62A3DC001E1327 /* timesx-appUITests */ = {
			isa = PBXNativeTarget;
			buildConfigurationList = EE2ED8FC2B62A3DC001E1327 /* Build configuration list for PBXNativeTarget "timesx-appUITests" */;
			buildPhases = (
				EE2ED8E82B62A3DC001E1327 /* Sources */,
				EE2ED8E92B62A3DC001E1327 /* Frameworks */,
				EE2ED8EA2B62A3DC001E1327 /* Resources */,
			);
			buildRules = (
			);
			dependencies = (
				EE2ED8EE2B62A3DC001E1327 /* PBXTargetDependency */,
			);
			name = "timesx-appUITests";
			productName = "timesx-appUITests";
			productReference = EE2ED8EC2B62A3DC001E1327 /* timesx-appUITests.xctest */;
			productType = "com.apple.product-type.bundle.ui-testing";
		};
/* End PBXNativeTarget section */

/* Begin PBXProject section */
		EE2ED8CA2B62A3D7001E1327 /* Project object */ = {
			isa = PBXProject;
			attributes = {
				BuildIndependentTargetsInParallel = 1;
				LastSwiftUpdateCheck = 1520;
				LastUpgradeCheck = 1520;
				TargetAttributes = {
					EE2ED8D12B62A3D7001E1327 = {
						CreatedOnToolsVersion = 15.2;
					};
					EE2ED8E12B62A3DC001E1327 = {
						CreatedOnToolsVersion = 15.2;
						TestTargetID = EE2ED8D12B62A3D7001E1327;
					};
					EE2ED8EB2B62A3DC001E1327 = {
						CreatedOnToolsVersion = 15.2;
						TestTargetID = EE2ED8D12B62A3D7001E1327;
					};
				};
			};
			buildConfigurationList = EE2ED8CD2B62A3D7001E1327 /* Build configuration list for PBXProject "timesx-app" */;
			compatibilityVersion = "Xcode 14.0";
			developmentRegion = en;
			hasScannedForEncodings = 0;
			knownRegions = (
				en,
				Base,
			);
			mainGroup = EE2ED8C92B62A3D7001E1327;
			productRefGroup = EE2ED8D32B62A3D7001E1327 /* Products */;
			projectDirPath = "";
			projectRoot = "";
			targets = (
				EE2ED8D12B62A3D7001E1327 /* timesx-app */,
				EE2ED8E12B62A3DC001E1327 /* timesx-appTests */,
				EE2ED8EB2B62A3DC001E1327 /* timesx-appUITests */,
			);
		};
/* End PBXProject section */

/* Begin PBXResourcesBuildPhase section */
		EE2ED8D02B62A3D7001E1327 /* Resources */ = {
			isa = PBXResourcesBuildPhase;
			buildActionMask = 2147483647;
			files = (
				EE2ED8DD2B62A3D9001E1327 /* Preview Assets.xcassets in Resources */,
				EE2ED8DA2B62A3D9001E1327 /* Assets.xcassets in Resources */,
			);
			runOnlyForDeploymentPostprocessing = 0;
		};
		EE2ED8E02B62A3DC001E1327 /* Resources */ = {
			isa = PBXResourcesBuildPhase;
			buildActionMask = 2147483647;
			files = (
			);
			runOnlyForDeploymentPostprocessing = 0;
		};
		EE2ED8EA2B62A3DC001E1327 /* Resources */ = {
			isa = PBXResourcesBuildPhase;
			buildActionMask = 2147483647;
			files = (
			);
			runOnlyForDeploymentPostprocessing = 0;
		};
/* End PBXResourcesBuildPhase section */

/* Begin PBXSourcesBuildPhase section */
		EE2ED8CE2B62A3D7001E1327 /* Sources */ = {
			isa = PBXSourcesBuildPhase;
			buildActionMask = 2147483647;
			files = (
				EE2ED8D82B62A3D7001E1327 /* ContentView.swift in Sources */,
				EE2ED8D62B62A3D7001E1327 /* timesx_appApp.swift in Sources */,
			);
			runOnlyForDeploymentPostprocessing = 0;
		};
		EE2ED8DE2B62A3DC001E1327 /* Sources */ = {
			isa = PBXSourcesBuildPhase;
			buildActionMask = 2147483647;
			files = (
				EE2ED8E72B62A3DC001E1327 /* timesx_appTests.swift in Sources */,
			);
			runOnlyForDeploymentPostprocessing = 0;
		};
		EE2ED8E82B62A3DC001E1327 /* Sources */ = {
			isa = PBXSourcesBuildPhase;
			buildActionMask = 2147483647;
			files = (
				EE2ED8F32B62A3DC001E1327 /* timesx_appUITestsLaunchTests.swift in Sources */,
				EE2ED8F12B62A3DC001E1327 /* timesx_appUITests.swift in Sources */,
			);
			runOnlyForDeploymentPostprocessing = 0;
		};
/* End PBXSourcesBuildPhase section */

/* Begin PBXTargetDependency section */
		EE2ED8E42B62A3DC001E1327 /* PBXTargetDependency */ = {
			isa = PBXTargetDependency;
			target = EE2ED8D12B62A3D7001E1327 /* timesx-app */;
			targetProxy = EE2ED8E32B62A3DC001E1327 /* PBXContainerItemProxy */;
		};
		EE2ED8EE2B62A3DC001E1327 /* PBXTargetDependency */ = {
			isa = PBXTargetDependency;
			target = EE2ED8D12B62A3D7001E1327 /* timesx-app */;
			targetProxy = EE2ED8ED2B62A3DC001E1327 /* PBXContainerItemProxy */;
		};
/* End PBXTargetDependency section */

/* Begin XCBuildConfiguration section */
		EE2ED8F42B62A3DC001E1327 /* Debug */ = {
			isa = XCBuildConfiguration;
			buildSettings = {
				ALWAYS_SEARCH_USER_PATHS = NO;
				ASSETCATALOG_COMPILER_GENERATE_SWIFT_ASSET_SYMBOL_EXTENSIONS = YES;
				CLANG_ANALYZER_NONNULL = YES;
				CLANG_ANALYZER_NUMBER_OBJECT_CONVERSION = YES_AGGRESSIVE;
				CLANG_CXX_LANGUAGE_STANDARD = "gnu++20";
				CLANG_ENABLE_MODULES = YES;
				CLANG_ENABLE_OBJC_ARC = YES;
				CLANG_ENABLE_OBJC_WEAK = YES;
				CLANG_WARN_BLOCK_CAPTURE_AUTORELEASING = YES;
				CLANG_WARN_BOOL_CONVERSION = YES;
				CLANG_WARN_COMMA = YES;
				CLANG_WARN_CONSTANT_CONVERSION = YES;
				CLANG_WARN_DEPRECATED_OBJC_IMPLEMENTATIONS = YES;
				CLANG_WARN_DIRECT_OBJC_ISA_USAGE = YES_ERROR;
				CLANG_WARN_DOCUMENTATION_COMMENTS = YES;
				CLANG_WARN_EMPTY_BODY = YES;
				CLANG_WARN_ENUM_CONVERSION = YES;
				CLANG_WARN_INFINITE_RECURSION = YES;
				CLANG_WARN_INT_CONVERSION = YES;
				CLANG_WARN_NON_LITERAL_NULL_CONVERSION = YES;
				CLANG_WARN_OBJC_IMPLICIT_RETAIN_SELF = YES;
				CLANG_WARN_OBJC_LITERAL_CONVERSION = YES;
				CLANG_WARN_OBJC_ROOT_CLASS = YES_ERROR;
				CLANG_WARN_QUOTED_INCLUDE_IN_FRAMEWORK_HEADER = YES;
				CLANG_WARN_RANGE_LOOP_ANALYSIS = YES;
				CLANG_WARN_STRICT_PROTOTYPES = YES;
				CLANG_WARN_SUSPICIOUS_MOVE = YES;
				CLANG_WARN_UNGUARDED_AVAILABILITY = YES_AGGRESSIVE;
				CLANG_WARN_UNREACHABLE_CODE = YES;
				CLANG_WARN__DUPLICATE_METHOD_MATCH = YES;
				COPY_PHASE_STRIP = NO;
				DEBUG_INFORMATION_FORMAT = dwarf;
				ENABLE_STRICT_OBJC_MSGSEND = YES;
				ENABLE_TESTABILITY = YES;
				ENABLE_USER_SCRIPT_SANDBOXING = YES;
				GCC_C_LANGUAGE_STANDARD = gnu17;
				GCC_DYNAMIC_NO_PIC = NO;
				GCC_NO_COMMON_BLOCKS = YES;
				GCC_OPTIMIZATION_LEVEL = 0;
				GCC_PREPROCESSOR_DEFINITIONS = (
					"DEBUG=1",
					"$(inherited)",
				);
				GCC_WARN_64_TO_32_BIT_CONVERSION = YES;
				GCC_WARN_ABOUT_RETURN_TYPE = YES_ERROR;
				GCC_WARN_UNDECLARED_SELECTOR = YES;
				GCC_WARN_UNINITIALIZED_AUTOS = YES_AGGRESSIVE;
				GCC_WARN_UNUSED_FUNCTION = YES;
				GCC_WARN_UNUSED_VARIABLE = YES;
				IPHONEOS_DEPLOYMENT_TARGET = 17.2;
				LOCALIZATION_PREFERS_STRING_CATALOGS = YES;
				MTL_ENABLE_DEBUG_INFO = INCLUDE_SOURCE;
				MTL_FAST_MATH = YES;
				ONLY_ACTIVE_ARCH = YES;
				SDKROOT = iphoneos;
				SWIFT_ACTIVE_COMPILATION_CONDITIONS = "DEBUG $(inherited)";
				SWIFT_OPTIMIZATION_LEVEL = "-Onone";
			};
			name = Debug;
		};
		EE2ED8F52B62A3DC001E1327 /* Release */ = {
			isa = XCBuildConfiguration;
			buildSettings = {
				ALWAYS_SEARCH_USER_PATHS = NO;
				ASSETCATALOG_COMPILER_GENERATE_SWIFT_ASSET_SYMBOL_EXTENSIONS = YES;
				CLANG_ANALYZER_NONNULL = YES;
				CLANG_ANALYZER_NUMBER_OBJECT_CONVERSION = YES_AGGRESSIVE;
				CLANG_CXX_LANGUAGE_STANDARD = "gnu++20";
				CLANG_ENABLE_MODULES = YES;
				CLANG_ENABLE_OBJC_ARC = YES;
				CLANG_ENABLE_OBJC_WEAK = YES;
				CLANG_WARN_BLOCK_CAPTURE_AUTORELEASING = YES;
				CLANG_WARN_BOOL_CONVERSION = YES;
				CLANG_WARN_COMMA = YES;
				CLANG_WARN_CONSTANT_CONVERSION = YES;
				CLANG_WARN_DEPRECATED_OBJC_IMPLEMENTATIONS = YES;
				CLANG_WARN_DIRECT_OBJC_ISA_USAGE = YES_ERROR;
				CLANG_WARN_DOCUMENTATION_COMMENTS = YES;
				CLANG_WARN_EMPTY_BODY = YES;
				CLANG_WARN_ENUM_CONVERSION = YES;
				CLANG_WARN_INFINITE_RECURSION = YES;
				CLANG_WARN_INT_CONVERSION = YES;
				CLANG_WARN_NON_LITERAL_NULL_CONVERSION = YES;
				CLANG_WARN_OBJC_IMPLICIT_RETAIN_SELF = YES;
				CLANG_WARN_OBJC_LITERAL_CONVERSION = YES;
				CLANG_WARN_OBJC_ROOT_CLASS = YES_ERROR;
				CLANG_WARN_QUOTED_INCLUDE_IN_FRAMEWORK_HEADER = YES;
				CLANG_WARN_RANGE_LOOP_ANALYSIS = YES;
				CLANG_WARN_STRICT_PROTOTYPES = YES;
				CLANG_WARN_SUSPICIOUS_MOVE = YES;
				CLANG_WARN_UNGUARDED_AVAILABILITY = YES_AGGRESSIVE;
				CLANG_WARN_UNREACHABLE_CODE = YES;
				CLANG_WARN__DUPLICATE_METHOD_MATCH = YES;
				COPY_PHASE_STRIP = NO;
				DEBUG_INFORMATION_FORMAT = "dwarf-with-dsym";
				ENABLE_NS_ASSERTIONS = NO;
				ENABLE_STRICT_OBJC_MSGSEND = YES;
				ENABLE_USER_SCRIPT_SANDBOXING = YES;
				GCC_C_LANGUAGE_STANDARD = gnu17;
				GCC_NO_COMMON_BLOCKS = YES;
				GCC_WARN_64_TO_32_BIT_CONVERSION = YES;
				GCC_WARN_ABOUT_RETURN_TYPE = YES_ERROR;
				GCC_WARN_UNDECLARED_SELECTOR = YES;
				GCC_WARN_UNINITIALIZED_AUTOS = YES_AGGRESSIVE;
				GCC_WARN_UNUSED_FUNCTION = YES;
				GCC_WARN_UNUSED_VARIABLE = YES;
				IPHONEOS_DEPLOYMENT_TARGET = 17.2;
				LOCALIZATION_PREFERS_STRING_CATALOGS = YES;
				MTL_ENABLE_DEBUG_INFO = NO;
				MTL_FAST_MATH = YES;
				SDKROOT = iphoneos;
				SWIFT_COMPILATION_MODE = wholemodule;
				VALIDATE_PRODUCT = YES;
			};
			name = Release;
		};
		EE2ED8F72B62A3DC001E1327 /* Debug */ = {
			isa = XCBuildConfiguration;
			buildSettings = {
				ASSETCATALOG_COMPILER_APPICON_NAME = AppIcon;
				ASSETCATALOG_COMPILER_GLOBAL_ACCENT_COLOR_NAME = AccentColor;
				CODE_SIGN_STYLE = Automatic;
				CURRENT_PROJECT_VERSION = 1;
				DEVELOPMENT_ASSET_PATHS = "\"timesx-app/Preview Content\"";
				DEVELOPMENT_TEAM = HKBTTBGB25;
				ENABLE_PREVIEWS = YES;
				GENERATE_INFOPLIST_FILE = YES;
				INFOPLIST_KEY_UIApplicationSceneManifest_Generation = YES;
				INFOPLIST_KEY_UIApplicationSupportsIndirectInputEvents = YES;
				INFOPLIST_KEY_UILaunchScreen_Generation = YES;
				INFOPLIST_KEY_UISupportedInterfaceOrientations_iPad = "UIInterfaceOrientationPortrait UIInterfaceOrientationPortraitUpsideDown UIInterfaceOrientationLandscapeLeft UIInterfaceOrientationLandscapeRight";
				INFOPLIST_KEY_UISupportedInterfaceOrientations_iPhone = "UIInterfaceOrientationPortrait UIInterfaceOrientationLandscapeLeft UIInterfaceOrientationLandscapeRight";
				LD_RUNPATH_SEARCH_PATHS = (
					"$(inherited)",
					"@executable_path/Frameworks",
				);
				MARKETING_VERSION = 1.0;
				PRODUCT_BUNDLE_IDENTIFIER = "katsut.timesx-app";
				PRODUCT_NAME = "$(TARGET_NAME)";
				SWIFT_EMIT_LOC_STRINGS = YES;
				SWIFT_VERSION = 5.0;
				TARGETED_DEVICE_FAMILY = "1,2";
			};
			name = Debug;
		};
		EE2ED8F82B62A3DC001E1327 /* Release */ = {
			isa = XCBuildConfiguration;
			buildSettings = {
				ASSETCATALOG_COMPILER_APPICON_NAME = AppIcon;
				ASSETCATALOG_COMPILER_GLOBAL_ACCENT_COLOR_NAME = AccentColor;
				CODE_SIGN_STYLE = Automatic;
				CURRENT_PROJECT_VERSION = 1;
				DEVELOPMENT_ASSET_PATHS = "\"timesx-app/Preview Content\"";
				DEVELOPMENT_TEAM = HKBTTBGB25;
				ENABLE_PREVIEWS = YES;
				GENERATE_INFOPLIST_FILE = YES;
				INFOPLIST_KEY_UIApplicationSceneManifest_Generation = YES;
				INFOPLIST_KEY_UIApplicationSupportsIndirectInputEvents = YES;
				INFOPLIST_KEY_UILaunchScreen_Generation = YES;
				INFOPLIST_KEY_UISupportedInterfaceOrientations_iPad = "UIInterfaceOrientationPortrait UIInterfaceOrientationPortraitUpsideDown UIInterfaceOrientationLandscapeLeft UIInterfaceOrientationLandscapeRight";
				INFOPLIST_KEY_UISupportedInterfaceOrientations_iPhone = "UIInterfaceOrientationPortrait UIInterfaceOrientationLandscapeLeft UIInterfaceOrientationLandscapeRight";
				LD_RUNPATH_SEARCH_PATHS = (
					"$(inherited)",
					"@executable_path/Frameworks",
				);
				MARKETING_VERSION = 1.0;
				PRODUCT_BUNDLE_IDENTIFIER = "katsut.timesx-app";
				PRODUCT_NAME = "$(TARGET_NAME)";
				SWIFT_EMIT_LOC_STRINGS = YES;
				SWIFT_VERSION = 5.0;
				TARGETED_DEVICE_FAMILY = "1,2";
			};
			name = Release;
		};
		EE2ED8FA2B62A3DC001E1327 /* Debug */ = {
			isa = XCBuildConfiguration;
			buildSettings = {
				ALWAYS_EMBED_SWIFT_STANDARD_LIBRARIES = YES;
				BUNDLE_LOADER = "$(TEST_HOST)";
				CODE_SIGN_STYLE = Automatic;
				CURRENT_PROJECT_VERSION = 1;
				DEVELOPMENT_TEAM = HKBTTBGB25;
				GENERATE_INFOPLIST_FILE = YES;
				IPHONEOS_DEPLOYMENT_TARGET = 17.2;
				MARKETING_VERSION = 1.0;
				PRODUCT_BUNDLE_IDENTIFIER = "katsut.timesx-appTests";
				PRODUCT_NAME = "$(TARGET_NAME)";
				SWIFT_EMIT_LOC_STRINGS = NO;
				SWIFT_VERSION = 5.0;
				TARGETED_DEVICE_FAMILY = "1,2";
				TEST_HOST = "$(BUILT_PRODUCTS_DIR)/timesx-app.app/$(BUNDLE_EXECUTABLE_FOLDER_PATH)/timesx-app";
			};
			name = Debug;
		};
		EE2ED8FB2B62A3DC001E1327 /* Release */ = {
			isa = XCBuildConfiguration;
			buildSettings = {
				ALWAYS_EMBED_SWIFT_STANDARD_LIBRARIES = YES;
				BUNDLE_LOADER = "$(TEST_HOST)";
				CODE_SIGN_STYLE = Automatic;
				CURRENT_PROJECT_VERSION = 1;
				DEVELOPMENT_TEAM = HKBTTBGB25;
				GENERATE_INFOPLIST_FILE = YES;
				IPHONEOS_DEPLOYMENT_TARGET = 17.2;
				MARKETING_VERSION = 1.0;
				PRODUCT_BUNDLE_IDENTIFIER = "katsut.timesx-appTests";
				PRODUCT_NAME = "$(TARGET_NAME)";
				SWIFT_EMIT_LOC_STRINGS = NO;
				SWIFT_VERSION = 5.0;
				TARGETED_DEVICE_FAMILY = "1,2";
				TEST_HOST = "$(BUILT_PRODUCTS_DIR)/timesx-app.app/$(BUNDLE_EXECUTABLE_FOLDER_PATH)/timesx-app";
			};
			name = Release;
		};
		EE2ED8FD2B62A3DC001E1327 /* Debug */ = {
			isa = XCBuildConfiguration;
			buildSettings = {
				ALWAYS_EMBED_SWIFT_STANDARD_LIBRARIES = YES;
				CODE_SIGN_STYLE = Automatic;
				CURRENT_PROJECT_VERSION = 1;
				DEVELOPMENT_TEAM = HKBTTBGB25;
				GENERATE_INFOPLIST_FILE = YES;
				MARKETING_VERSION = 1.0;
				PRODUCT_BUNDLE_IDENTIFIER = "katsut.timesx-appUITests";
				PRODUCT_NAME = "$(TARGET_NAME)";
				SWIFT_EMIT_LOC_STRINGS = NO;
				SWIFT_VERSION = 5.0;
				TARGETED_DEVICE_FAMILY = "1,2";
				TEST_TARGET_NAME = "timesx-app";
			};
			name = Debug;
		};
		EE2ED8FE2B62A3DC001E1327 /* Release */ = {
			isa = XCBuildConfiguration;
			buildSettings = {
				ALWAYS_EMBED_SWIFT_STANDARD_LIBRARIES = YES;
				CODE_SIGN_STYLE = Automatic;
				CURRENT_PROJECT_VERSION = 1;
				DEVELOPMENT_TEAM = HKBTTBGB25;
				GENERATE_INFOPLIST_FILE = YES;
				MARKETING_VERSION = 1.0;
				PRODUCT_BUNDLE_IDENTIFIER = "katsut.timesx-appUITests";
				PRODUCT_NAME = "$(TARGET_NAME)";
				SWIFT_EMIT_LOC_STRINGS = NO;
				SWIFT_VERSION = 5.0;
				TARGETED_DEVICE_FAMILY = "1,2";
				TEST_TARGET_NAME = "timesx-app";
			};
			name = Release;
		};
/* End XCBuildConfiguration section */

/* Begin XCConfigurationList section */
		EE2ED8CD2B62A3D7001E1327 /* Build configuration list for PBXProject "timesx-app" */ = {
			isa = XCConfigurationList;
			buildConfigurations = (
				EE2ED8F42B62A3DC001E1327 /* Debug */,
				EE2ED8F52B62A3DC001E1327 /* Release */,
			);
			defaultConfigurationIsVisible = 0;
			defaultConfigurationName = Release;
		};
		EE2ED8F62B62A3DC001E1327 /* Build configuration list for PBXNativeTarget "timesx-app" */ = {
			isa = XCConfigurationList;
			buildConfigurations = (
				EE2ED8F72B62A3DC001E1327 /* Debug */,
				EE2ED8F82B62A3DC001E1327 /* Release */,
			);
			defaultConfigurationIsVisible = 0;
			defaultConfigurationName = Release;
		};
		EE2ED8F92B62A3DC001E1327 /* Build configuration list for PBXNativeTarget "timesx-appTests" */ = {
			isa = XCConfigurationList;
			buildConfigurations = (
				EE2ED8FA2B62A3DC001E1327 /* Debug */,
				EE2ED8FB2B62A3DC001E1327 /* Release */,
			);
			defaultConfigurationIsVisible = 0;
			defaultConfigurationName = Release;
		};
		EE2ED8FC2B62A3DC001E1327 /* Build configuration list for PBXNativeTarget "timesx-appUITests" */ = {
			isa = XCConfigurationList;
			buildConfigurations = (
				EE2ED8FD2B62A3DC001E1327 /* Debug */,
				EE2ED8FE2B62A3DC001E1327 /* Release */,
			);
			defaultConfigurationIsVisible = 0;
			defaultConfigurationName = Release;
		};
/* End XCConfigurationList section */
	};
	rootObject = EE2ED8CA2B62A3D7001E1327 /* Project object */;
}
